
Microsoft Visual Studio Solution File, Format Version 11.00
# Visual Studio 2010
Project("{FAE04EC0-301F-11D3-BF4B-00C04F79EFBC}") = "Assembly-CSharp", "Assembly-CSharp.csproj", "{88f7639a-2da6-87c4-7680-9abc19c011ea}"
EndProject
Project("{FAE04EC0-301F-11D3-BF4B-00C04F79EFBC}") = "Assembly-CSharp-Editor", "Assembly-CSharp-Editor.csproj", "{9cf3b0c3-8362-4ea3-946c-39e70503caa0}"
EndProject
Global
	GlobalSection(SolutionConfigurationPlatforms) = preSolution
		Debug|Any CPU = Debug|Any CPU
	EndGlobalSection
	GlobalSection(ProjectConfigurationPlatforms) = postSolution
		{88f7639a-2da6-87c4-7680-9abc19c011ea}.Debug|Any CPU.ActiveCfg = Debug|Any CPU
		{88f7639a-2da6-87c4-7680-9abc19c011ea}.Debug|Any CPU.Build.0 = Debug|Any CPU
		{9cf3b0c3-8362-4ea3-946c-39e70503caa0}.Debug|Any CPU.ActiveCfg = Debug|Any CPU
		{9cf3b0c3-8362-4ea3-946c-39e70503caa0}.Debug|Any CPU.Build.0 = Debug|Any CPU
	EndGlobalSection
	GlobalSection(SolutionProperties) = preSolution
		HideSolutionNode = FALSE
	EndGlobalSection
EndGlobal
