
Microsoft Visual Studio Solution File, Format Version 11.00
# Visual Studio 2010
Project("{FAE04EC0-301F-11D3-BF4B-00C04F79EFBC}") = "Assembly-CSharp", "Assembly-CSharp.csproj", "{70b673d5-2d45-6968-c87b-b2d417ab6351}"
EndProject
Project("{FAE04EC0-301F-11D3-BF4B-00C04F79EFBC}") = "Assembly-CSharp-Editor", "Assembly-CSharp-Editor.csproj", "{1892b036-d17f-78b3-1330-6f059820a3e0}"
EndProject
Project("{FAE04EC0-301F-11D3-BF4B-00C04F79EFBC}") = "DamageNumbersPro", "DamageNumbersPro.csproj", "{159190a1-ef13-a89b-0c21-20b86e3417f5}"
EndProject
Global
	GlobalSection(SolutionConfigurationPlatforms) = preSolution
		Debug|Any CPU = Debug|Any CPU
	EndGlobalSection
	GlobalSection(ProjectConfigurationPlatforms) = postSolution
		{70b673d5-2d45-6968-c87b-b2d417ab6351}.Debug|Any CPU.ActiveCfg = Debug|Any CPU
		{70b673d5-2d45-6968-c87b-b2d417ab6351}.Debug|Any CPU.Build.0 = Debug|Any CPU
		{1892b036-d17f-78b3-1330-6f059820a3e0}.Debug|Any CPU.ActiveCfg = Debug|Any CPU
		{1892b036-d17f-78b3-1330-6f059820a3e0}.Debug|Any CPU.Build.0 = Debug|Any CPU
		{159190a1-ef13-a89b-0c21-20b86e3417f5}.Debug|Any CPU.ActiveCfg = Debug|Any CPU
		{159190a1-ef13-a89b-0c21-20b86e3417f5}.Debug|Any CPU.Build.0 = Debug|Any CPU
	EndGlobalSection
	GlobalSection(SolutionProperties) = preSolution
		HideSolutionNode = FALSE
	EndGlobalSection
EndGlobal
